{
    "_readme": [
        "This file locks the dependencies of your project to a known state",
        "Read more about it at https://getcomposer.org/doc/01-basic-usage.md#composer-lock-the-lock-file",
        "This file is @generated automatically"
    ],
    "content-hash": "11732480ba719b1ce8f99277057c7b46",
    "packages": [
        {
            "name": "amphp/amp",
            "version": "v2.0.6",
            "source": {
                "type": "git",
                "url": "https://github.com/amphp/amp.git",
                "reference": "4a742beb59615f36ed998e2dc210e36576e44c44"
            },
            "dist": {
                "type": "zip",
                "url": "https://api.github.com/repos/amphp/amp/zipball/4a742beb59615f36ed998e2dc210e36576e44c44",
                "reference": "4a742beb59615f36ed998e2dc210e36576e44c44",
                "shasum": ""
            },
            "require": {
                "php": ">=7"
            },
            "require-dev": {
                "amphp/phpunit-util": "^1",
                "friendsofphp/php-cs-fixer": "^2.3",
                "phpstan/phpstan": "^0.8.5",
                "phpunit/phpunit": "^6.0.9",
                "react/promise": "^2"
            },
            "type": "library",
            "extra": {
                "branch-alias": {
                    "dev-master": "2.0.x-dev"
                }
            },
            "autoload": {
                "psr-4": {
                    "Amp\\": "lib"
                },
                "files": [
                    "lib/functions.php",
                    "lib/Internal/functions.php"
                ]
            },
            "notification-url": "https://packagist.org/downloads/",
            "license": [
                "MIT"
            ],
            "authors": [
                {
                    "name": "Bob Weinand",
                    "email": "bobwei9@hotmail.com"
                },
                {
                    "name": "Niklas Keller",
                    "email": "me@kelunik.com"
                },
                {
                    "name": "Daniel Lowrey",
                    "email": "rdlowrey@php.net"
                },
                {
                    "name": "Aaron Piotrowski",
                    "email": "aaron@trowski.com"
                }
            ],
            "description": "A non-blocking concurrency framework for PHP applications.",
            "homepage": "http://amphp.org/amp",
            "keywords": [
                "async",
                "asynchronous",
                "awaitable",
                "concurrency",
                "event",
                "event-loop",
                "future",
                "non-blocking",
                "promise"
            ],
            "time": "2018-01-27T19:18:05+00:00"
        },
        {
            "name": "amphp/byte-stream",
            "version": "v1.3.0",
            "source": {
                "type": "git",
                "url": "https://github.com/amphp/byte-stream.git",
                "reference": "6d6c89f58c213e600e2ab5e3b1678fb61333eeb7"
            },
            "dist": {
                "type": "zip",
                "url": "https://api.github.com/repos/amphp/byte-stream/zipball/6d6c89f58c213e600e2ab5e3b1678fb61333eeb7",
                "reference": "6d6c89f58c213e600e2ab5e3b1678fb61333eeb7",
                "shasum": ""
            },
            "require": {
                "amphp/amp": "^2"
            },
            "require-dev": {
                "amphp/phpunit-util": "^1",
                "friendsofphp/php-cs-fixer": "^2.3",
                "phpunit/phpunit": "^6"
            },
            "type": "library",
            "autoload": {
                "psr-4": {
                    "Amp\\ByteStream\\": "lib"
                },
                "files": [
                    "lib/functions.php"
                ]
            },
            "notification-url": "https://packagist.org/downloads/",
            "license": [
                "MIT"
            ],
            "authors": [
                {
                    "name": "Niklas Keller",
                    "email": "me@kelunik.com"
                },
                {
                    "name": "Aaron Piotrowski",
                    "email": "aaron@trowski.com"
                }
            ],
            "description": "A stream abstraction to make working with non-blocking I/O simple.",
            "homepage": "http://amphp.org/byte-stream",
            "keywords": [
                "amp",
                "amphp",
                "async",
                "io",
                "non-blocking",
                "stream"
            ],
            "time": "2018-03-13T15:32:38+00:00"
        },
        {
            "name": "amphp/parallel",
            "version": "v0.2.5",
            "source": {
                "type": "git",
                "url": "https://github.com/amphp/parallel.git",
                "reference": "732694688461936bec02c0ccf020dfee10c4f7ee"
            },
            "dist": {
                "type": "zip",
                "url": "https://api.github.com/repos/amphp/parallel/zipball/732694688461936bec02c0ccf020dfee10c4f7ee",
                "reference": "732694688461936bec02c0ccf020dfee10c4f7ee",
                "shasum": ""
            },
            "require": {
                "amphp/amp": "^2",
                "amphp/byte-stream": "^1.2",
                "amphp/parser": "^1",
                "amphp/process": "^0.2 || ^0.3",
                "amphp/sync": "^1.0.1"
            },
            "require-dev": {
                "amphp/phpunit-util": "^1",
                "friendsofphp/php-cs-fixer": "^2.3",
                "phpunit/phpunit": "^6"
            },
            "suggest": {
                "ext-pthreads": "Required for thread contexts"
            },
            "type": "library",
            "autoload": {
                "psr-4": {
                    "Amp\\Parallel\\": "lib"
                },
                "files": [
                    "lib/Worker/functions.php"
                ]
            },
            "notification-url": "https://packagist.org/downloads/",
            "license": [
                "MIT"
            ],
            "authors": [
                {
                    "name": "Stephen Coakley",
                    "email": "me@stephencoakley.com"
                },
                {
                    "name": "Aaron Piotrowski",
                    "email": "aaron@trowski.com"
                }
            ],
            "description": "Parallel processing component for Amp.",
            "homepage": "https://github.com/amphp/parallel",
            "keywords": [
                "async",
                "asynchronous",
                "concurrent",
                "multi-processing",
                "multi-threading"
            ],
            "time": "2018-03-21T14:37:51+00:00"
        },
        {
            "name": "amphp/parallel-functions",
            "version": "v0.1.2",
            "source": {
                "type": "git",
                "url": "https://github.com/amphp/parallel-functions.git",
                "reference": "999ba8a00adaf4d1fd3a7cb40bf7e565e507ff48"
            },
            "dist": {
                "type": "zip",
                "url": "https://api.github.com/repos/amphp/parallel-functions/zipball/999ba8a00adaf4d1fd3a7cb40bf7e565e507ff48",
                "reference": "999ba8a00adaf4d1fd3a7cb40bf7e565e507ff48",
                "shasum": ""
            },
            "require": {
                "amphp/amp": "^2.0.3",
                "amphp/parallel": "^0.1.8 || ^0.2",
                "opis/closure": "^3.0.7",
                "php": ">=7"
            },
            "require-dev": {
                "amphp/phpunit-util": "^1.0",
                "friendsofphp/php-cs-fixer": "^2.9",
                "phpunit/phpunit": "^6.5"
            },
            "type": "library",
            "autoload": {
                "psr-4": {
                    "Amp\\ParallelFunctions\\": "src"
                },
                "files": [
                    "src/functions.php"
                ]
            },
            "notification-url": "https://packagist.org/downloads/",
            "license": [
                "MIT"
            ],
            "authors": [
                {
                    "name": "Niklas Keller",
                    "email": "me@kelunik.com"
                }
            ],
            "description": "Parallel processing made simple.",
            "time": "2017-12-17T18:33:29+00:00"
        },
        {
            "name": "amphp/parser",
            "version": "v1.0.0",
            "source": {
                "type": "git",
                "url": "https://github.com/amphp/parser.git",
                "reference": "f83e68f03d5b8e8e0365b8792985a7f341c57ae1"
            },
            "dist": {
                "type": "zip",
                "url": "https://api.github.com/repos/amphp/parser/zipball/f83e68f03d5b8e8e0365b8792985a7f341c57ae1",
                "reference": "f83e68f03d5b8e8e0365b8792985a7f341c57ae1",
                "shasum": ""
            },
            "require": {
                "php": ">=7"
            },
            "require-dev": {
                "friendsofphp/php-cs-fixer": "^2.3",
                "phpunit/phpunit": "^6"
            },
            "type": "library",
            "autoload": {
                "psr-4": {
                    "Amp\\Parser\\": "lib"
                }
            },
            "notification-url": "https://packagist.org/downloads/",
            "license": [
                "MIT"
            ],
            "authors": [
                {
                    "name": "Niklas Keller",
                    "email": "me@kelunik.com"
                },
                {
                    "name": "Aaron Piotrowski",
                    "email": "aaron@trowski.com"
                }
            ],
            "description": "A generator parser to make streaming parsers simple.",
            "homepage": "https://github.com/amphp/parser",
            "keywords": [
                "async",
                "non-blocking",
                "parser",
                "stream"
            ],
            "time": "2017-06-06T05:29:10+00:00"
        },
        {
            "name": "amphp/process",
            "version": "v0.3.2",
            "source": {
                "type": "git",
                "url": "https://github.com/amphp/process.git",
                "reference": "239605b2e8a9a7958563119e9b03fdabeb0ad4cc"
            },
            "dist": {
                "type": "zip",
                "url": "https://api.github.com/repos/amphp/process/zipball/239605b2e8a9a7958563119e9b03fdabeb0ad4cc",
                "reference": "239605b2e8a9a7958563119e9b03fdabeb0ad4cc",
                "shasum": ""
            },
            "require": {
                "amphp/amp": "^2",
                "amphp/byte-stream": "^1",
                "php": ">=7"
            },
            "require-dev": {
                "amphp/phpunit-util": "^1",
                "friendsofphp/php-cs-fixer": "^2.3",
                "phpunit/phpunit": "^6"
            },
            "type": "library",
            "autoload": {
                "psr-4": {
                    "Amp\\Process\\": "lib"
                },
                "files": [
                    "lib/constants.php"
                ]
            },
            "notification-url": "https://packagist.org/downloads/",
            "license": [
                "MIT"
            ],
            "authors": [
                {
                    "name": "Bob Weinand",
                    "email": "bobwei9@hotmail.com"
                },
                {
                    "name": "Niklas Keller",
                    "email": "me@kelunik.com"
                },
                {
                    "name": "Aaron Piotrowski",
                    "email": "aaron@trowski.com"
                }
            ],
            "description": "Asynchronous process manager.",
            "homepage": "https://github.com/amphp/process",
            "time": "2018-03-08T15:09:10+00:00"
        },
        {
            "name": "amphp/sync",
            "version": "v1.0.1",
            "source": {
                "type": "git",
                "url": "https://github.com/amphp/sync.git",
                "reference": "a1d8f244eb19e3e2a96abc4686cebc80995bbc90"
            },
            "dist": {
                "type": "zip",
                "url": "https://api.github.com/repos/amphp/sync/zipball/a1d8f244eb19e3e2a96abc4686cebc80995bbc90",
                "reference": "a1d8f244eb19e3e2a96abc4686cebc80995bbc90",
                "shasum": ""
            },
            "require": {
                "amphp/amp": "^2"
            },
            "require-dev": {
                "amphp/phpunit-util": "^1",
                "friendsofphp/php-cs-fixer": "^2.3",
                "phpunit/phpunit": "^6"
            },
            "type": "library",
            "autoload": {
                "psr-4": {
                    "Amp\\Sync\\": "lib"
                },
                "files": [
                    "lib/functions.php"
                ]
            },
            "notification-url": "https://packagist.org/downloads/",
            "license": [
                "MIT"
            ],
            "authors": [
                {
                    "name": "Stephen Coakley",
                    "email": "me@stephencoakley.com"
                },
                {
                    "name": "Aaron Piotrowski",
                    "email": "aaron@trowski.com"
                }
            ],
            "description": "Mutex, Semaphore, and other synchronization tools for Amp.",
            "homepage": "https://github.com/amphp/sync",
            "keywords": [
                "async",
                "asynchronous",
                "mutex",
                "semaphore",
                "synchronization"
            ],
            "time": "2017-11-29T21:48:53+00:00"
        },
        {
            "name": "league/flysystem",
            "version": "1.0.43",
            "source": {
                "type": "git",
                "url": "https://github.com/thephpleague/flysystem.git",
                "reference": "1ce7cc142d906ba58dc54c82915d355a9191c8a8"
            },
            "dist": {
                "type": "zip",
                "url": "https://api.github.com/repos/thephpleague/flysystem/zipball/1ce7cc142d906ba58dc54c82915d355a9191c8a8",
                "reference": "1ce7cc142d906ba58dc54c82915d355a9191c8a8",
                "shasum": ""
            },
            "require": {
                "php": ">=5.5.9"
            },
            "conflict": {
                "league/flysystem-sftp": "<1.0.6"
            },
            "require-dev": {
                "ext-fileinfo": "*",
                "phpspec/phpspec": "^3.4",
                "phpunit/phpunit": "^5.7"
            },
            "suggest": {
                "ext-fileinfo": "Required for MimeType",
                "ext-ftp": "Allows you to use FTP server storage",
                "ext-openssl": "Allows you to use FTPS server storage",
                "league/flysystem-aws-s3-v2": "Allows you to use S3 storage with AWS SDK v2",
                "league/flysystem-aws-s3-v3": "Allows you to use S3 storage with AWS SDK v3",
                "league/flysystem-azure": "Allows you to use Windows Azure Blob storage",
                "league/flysystem-cached-adapter": "Flysystem adapter decorator for metadata caching",
                "league/flysystem-eventable-filesystem": "Allows you to use EventableFilesystem",
                "league/flysystem-rackspace": "Allows you to use Rackspace Cloud Files",
                "league/flysystem-sftp": "Allows you to use SFTP server storage via phpseclib",
                "league/flysystem-webdav": "Allows you to use WebDAV storage",
                "league/flysystem-ziparchive": "Allows you to use ZipArchive adapter",
                "spatie/flysystem-dropbox": "Allows you to use Dropbox storage",
                "srmklive/flysystem-dropbox-v2": "Allows you to use Dropbox storage for PHP 5 applications"
            },
            "type": "library",
            "extra": {
                "branch-alias": {
                    "dev-master": "1.1-dev"
                }
            },
            "autoload": {
                "psr-4": {
                    "League\\Flysystem\\": "src/"
                }
            },
            "notification-url": "https://packagist.org/downloads/",
            "license": [
                "MIT"
            ],
            "authors": [
                {
                    "name": "Frank de Jonge",
                    "email": "info@frenky.net"
                }
            ],
            "description": "Filesystem abstraction: Many filesystems, one API.",
            "keywords": [
                "Cloud Files",
                "WebDAV",
                "abstraction",
                "aws",
                "cloud",
                "copy.com",
                "dropbox",
                "file systems",
                "files",
                "filesystem",
                "filesystems",
                "ftp",
                "rackspace",
                "remote",
                "s3",
                "sftp",
                "storage"
            ],
            "time": "2018-03-01T10:27:04+00:00"
        },
        {
            "name": "league/flysystem-webdav",
            "version": "1.0.5",
            "source": {
                "type": "git",
                "url": "https://github.com/thephpleague/flysystem-webdav.git",
                "reference": "5fb6f5a45e5f2a5519a26032d98ad7d7c65f81d7"
            },
            "dist": {
                "type": "zip",
                "url": "https://api.github.com/repos/thephpleague/flysystem-webdav/zipball/5fb6f5a45e5f2a5519a26032d98ad7d7c65f81d7",
                "reference": "5fb6f5a45e5f2a5519a26032d98ad7d7c65f81d7",
                "shasum": ""
            },
            "require": {
                "league/flysystem": "~1.0",
                "php": ">=5.5.0",
                "sabre/dav": "~3.1"
            },
            "require-dev": {
                "mockery/mockery": "~0.9",
                "phpunit/phpunit": "~4.0"
            },
            "type": "library",
            "extra": {
                "branch-alias": {
                    "dev-master": "1.0-dev"
                }
            },
            "autoload": {
                "psr-4": {
                    "League\\Flysystem\\WebDAV\\": "src"
                }
            },
            "notification-url": "https://packagist.org/downloads/",
            "license": [
                "MIT"
            ],
            "authors": [
                {
                    "name": "Frank de Jonge",
                    "email": "info@frenky.net"
                }
            ],
            "description": "Flysystem adapter for WebDAV",
            "time": "2016-12-14T11:28:55+00:00"
        },
        {
            "name": "myclabs/php-enum",
            "version": "1.5.2",
            "source": {
                "type": "git",
                "url": "https://github.com/myclabs/php-enum.git",
                "reference": "3ed7088cfd0a0e06534b7f8b0eee82acea574fac"
            },
            "dist": {
                "type": "zip",
                "url": "https://api.github.com/repos/myclabs/php-enum/zipball/3ed7088cfd0a0e06534b7f8b0eee82acea574fac",
                "reference": "3ed7088cfd0a0e06534b7f8b0eee82acea574fac",
                "shasum": ""
            },
            "require": {
                "php": ">=5.3"
            },
            "require-dev": {
                "phpunit/phpunit": "^4.8.35|^5.7|^6.0",
                "squizlabs/php_codesniffer": "1.*"
            },
            "type": "library",
            "autoload": {
                "psr-4": {
                    "MyCLabs\\Enum\\": "src/"
                }
            },
            "notification-url": "https://packagist.org/downloads/",
            "license": [
                "MIT"
            ],
            "authors": [
                {
                    "name": "PHP Enum contributors",
                    "homepage": "https://github.com/myclabs/php-enum/graphs/contributors"
                }
            ],
            "description": "PHP Enum implementation",
            "homepage": "http://github.com/myclabs/php-enum",
            "keywords": [
                "enum"
            ],
            "time": "2017-06-28T16:24:08+00:00"
        },
        {
            "name": "opis/closure",
            "version": "3.0.12",
            "source": {
                "type": "git",
                "url": "https://github.com/opis/closure.git",
                "reference": "507a28d15e79258d404ba76e73976ba895d0eb11"
            },
            "dist": {
                "type": "zip",
                "url": "https://api.github.com/repos/opis/closure/zipball/507a28d15e79258d404ba76e73976ba895d0eb11",
                "reference": "507a28d15e79258d404ba76e73976ba895d0eb11",
                "shasum": ""
            },
            "require": {
                "php": ">=5.4.0"
            },
            "require-dev": {
                "jeremeamia/superclosure": "^2.0",
                "phpunit/phpunit": "^4.0"
            },
            "type": "library",
            "extra": {
                "branch-alias": {
                    "dev-master": "3.0.x-dev"
                }
            },
            "autoload": {
                "psr-4": {
                    "Opis\\Closure\\": "src/"
                },
                "files": [
                    "functions.php"
                ]
            },
            "notification-url": "https://packagist.org/downloads/",
            "license": [
                "MIT"
            ],
            "authors": [
                {
                    "name": "Marius Sarca",
                    "email": "marius.sarca@gmail.com"
                }
            ],
            "description": "A library that can be used to serialize closures (anonymous functions) and arbitrary objects.",
            "homepage": "http://www.opis.io/closure",
            "keywords": [
                "anonymous functions",
                "closure",
                "function",
                "serializable",
                "serialization",
                "serialize"
            ],
            "time": "2018-02-23T08:08:14+00:00"
        },
        {
            "name": "psr/log",
            "version": "1.0.2",
            "source": {
                "type": "git",
                "url": "https://github.com/php-fig/log.git",
                "reference": "4ebe3a8bf773a19edfe0a84b6585ba3d401b724d"
            },
            "dist": {
                "type": "zip",
                "url": "https://api.github.com/repos/php-fig/log/zipball/4ebe3a8bf773a19edfe0a84b6585ba3d401b724d",
                "reference": "4ebe3a8bf773a19edfe0a84b6585ba3d401b724d",
                "shasum": ""
            },
            "require": {
                "php": ">=5.3.0"
            },
            "type": "library",
            "extra": {
                "branch-alias": {
                    "dev-master": "1.0.x-dev"
                }
            },
            "autoload": {
                "psr-4": {
                    "Psr\\Log\\": "Psr/Log/"
                }
            },
            "notification-url": "https://packagist.org/downloads/",
            "license": [
                "MIT"
            ],
            "authors": [
                {
                    "name": "PHP-FIG",
                    "homepage": "http://www.php-fig.org/"
                }
            ],
            "description": "Common interface for logging libraries",
            "homepage": "https://github.com/php-fig/log",
            "keywords": [
                "log",
                "psr",
                "psr-3"
            ],
            "time": "2016-10-10T12:19:37+00:00"
        },
        {
            "name": "sabre/dav",
            "version": "3.2.2",
            "source": {
                "type": "git",
                "url": "https://github.com/sabre-io/dav.git",
                "reference": "e987775e619728f12205606c9cc3ee565ffb1516"
            },
            "dist": {
                "type": "zip",
                "url": "https://api.github.com/repos/sabre-io/dav/zipball/e987775e619728f12205606c9cc3ee565ffb1516",
                "reference": "e987775e619728f12205606c9cc3ee565ffb1516",
                "shasum": ""
            },
            "require": {
                "ext-ctype": "*",
                "ext-date": "*",
                "ext-dom": "*",
                "ext-iconv": "*",
                "ext-mbstring": "*",
                "ext-pcre": "*",
                "ext-simplexml": "*",
                "ext-spl": "*",
                "lib-libxml": ">=2.7.0",
                "php": ">=5.5.0",
                "psr/log": "^1.0",
                "sabre/event": ">=2.0.0, <4.0.0",
                "sabre/http": "^4.2.1",
                "sabre/uri": "^1.0.1",
                "sabre/vobject": "^4.1.0",
                "sabre/xml": "^1.4.0"
            },
            "require-dev": {
                "evert/phpdoc-md": "~0.1.0",
                "monolog/monolog": "^1.18",
                "phpunit/phpunit": "> 4.8, <6.0.0",
                "sabre/cs": "^1.0.0"
            },
            "suggest": {
                "ext-curl": "*",
                "ext-pdo": "*"
            },
            "bin": [
                "bin/sabredav",
                "bin/naturalselection"
            ],
            "type": "library",
            "extra": {
                "branch-alias": {
                    "dev-master": "3.1.0-dev"
                }
            },
            "autoload": {
                "psr-4": {
                    "Sabre\\DAV\\": "lib/DAV/",
                    "Sabre\\DAVACL\\": "lib/DAVACL/",
                    "Sabre\\CalDAV\\": "lib/CalDAV/",
                    "Sabre\\CardDAV\\": "lib/CardDAV/"
                }
            },
            "notification-url": "https://packagist.org/downloads/",
            "license": [
                "BSD-3-Clause"
            ],
            "authors": [
                {
                    "name": "Evert Pot",
                    "email": "me@evertpot.com",
                    "homepage": "http://evertpot.com/",
                    "role": "Developer"
                }
            ],
            "description": "WebDAV Framework for PHP",
            "homepage": "http://sabre.io/",
            "keywords": [
                "CalDAV",
                "CardDAV",
                "WebDAV",
                "framework",
                "iCalendar"
            ],
            "time": "2017-02-15T03:06:08+00:00"
        },
        {
            "name": "sabre/event",
            "version": "3.0.0",
            "source": {
                "type": "git",
                "url": "https://github.com/sabre-io/event.git",
                "reference": "831d586f5a442dceacdcf5e9c4c36a4db99a3534"
            },
            "dist": {
                "type": "zip",
                "url": "https://api.github.com/repos/sabre-io/event/zipball/831d586f5a442dceacdcf5e9c4c36a4db99a3534",
                "reference": "831d586f5a442dceacdcf5e9c4c36a4db99a3534",
                "shasum": ""
            },
            "require": {
                "php": ">=5.5"
            },
            "require-dev": {
                "phpunit/phpunit": "*",
                "sabre/cs": "~0.0.4"
            },
            "type": "library",
            "autoload": {
                "psr-4": {
                    "Sabre\\Event\\": "lib/"
                },
                "files": [
                    "lib/coroutine.php",
                    "lib/Loop/functions.php",
                    "lib/Promise/functions.php"
                ]
            },
            "notification-url": "https://packagist.org/downloads/",
            "license": [
                "BSD-3-Clause"
            ],
            "authors": [
                {
                    "name": "Evert Pot",
                    "email": "me@evertpot.com",
                    "homepage": "http://evertpot.com/",
                    "role": "Developer"
                }
            ],
            "description": "sabre/event is a library for lightweight event-based programming",
            "homepage": "http://sabre.io/event/",
            "keywords": [
                "EventEmitter",
                "async",
                "events",
                "hooks",
                "plugin",
                "promise",
                "signal"
            ],
            "time": "2015-11-05T20:14:39+00:00"
        },
        {
            "name": "sabre/http",
            "version": "v4.2.4",
            "source": {
                "type": "git",
                "url": "https://github.com/sabre-io/http.git",
                "reference": "acccec4ba863959b2d10c1fa0fb902736c5c8956"
            },
            "dist": {
                "type": "zip",
                "url": "https://api.github.com/repos/sabre-io/http/zipball/acccec4ba863959b2d10c1fa0fb902736c5c8956",
                "reference": "acccec4ba863959b2d10c1fa0fb902736c5c8956",
                "shasum": ""
            },
            "require": {
                "ext-ctype": "*",
                "ext-mbstring": "*",
                "php": ">=5.4",
                "sabre/event": ">=1.0.0,<4.0.0",
                "sabre/uri": "~1.0"
            },
            "require-dev": {
                "phpunit/phpunit": "~4.3",
                "sabre/cs": "~0.0.1"
            },
            "suggest": {
                "ext-curl": " to make http requests with the Client class"
            },
            "type": "library",
            "autoload": {
                "files": [
                    "lib/functions.php"
                ],
                "psr-4": {
                    "Sabre\\HTTP\\": "lib/"
                }
            },
            "notification-url": "https://packagist.org/downloads/",
            "license": [
                "BSD-3-Clause"
            ],
            "authors": [
                {
                    "name": "Evert Pot",
                    "email": "me@evertpot.com",
                    "homepage": "http://evertpot.com/",
                    "role": "Developer"
                }
            ],
            "description": "The sabre/http library provides utilities for dealing with http requests and responses. ",
            "homepage": "https://github.com/fruux/sabre-http",
            "keywords": [
                "http"
            ],
            "time": "2018-02-23T11:10:29+00:00"
        },
        {
            "name": "sabre/uri",
            "version": "1.2.1",
            "source": {
                "type": "git",
                "url": "https://github.com/sabre-io/uri.git",
                "reference": "ada354d83579565949d80b2e15593c2371225e61"
            },
            "dist": {
                "type": "zip",
                "url": "https://api.github.com/repos/sabre-io/uri/zipball/ada354d83579565949d80b2e15593c2371225e61",
                "reference": "ada354d83579565949d80b2e15593c2371225e61",
                "shasum": ""
            },
            "require": {
                "php": ">=5.4.7"
            },
            "require-dev": {
                "phpunit/phpunit": ">=4.0,<6.0",
                "sabre/cs": "~1.0.0"
            },
            "type": "library",
            "autoload": {
                "files": [
                    "lib/functions.php"
                ],
                "psr-4": {
                    "Sabre\\Uri\\": "lib/"
                }
            },
            "notification-url": "https://packagist.org/downloads/",
            "license": [
                "BSD-3-Clause"
            ],
            "authors": [
                {
                    "name": "Evert Pot",
                    "email": "me@evertpot.com",
                    "homepage": "http://evertpot.com/",
                    "role": "Developer"
                }
            ],
            "description": "Functions for making sense out of URIs.",
            "homepage": "http://sabre.io/uri/",
            "keywords": [
                "rfc3986",
                "uri",
                "url"
            ],
            "time": "2017-02-20T19:59:28+00:00"
        },
        {
            "name": "sabre/vobject",
            "version": "4.1.5",
            "source": {
                "type": "git",
                "url": "https://github.com/sabre-io/vobject.git",
                "reference": "0928660e92d46d2d24336a6db320636aa3a75414"
            },
            "dist": {
                "type": "zip",
                "url": "https://api.github.com/repos/sabre-io/vobject/zipball/0928660e92d46d2d24336a6db320636aa3a75414",
                "reference": "0928660e92d46d2d24336a6db320636aa3a75414",
                "shasum": ""
            },
            "require": {
                "ext-mbstring": "*",
                "php": ">=5.5",
                "sabre/xml": ">=1.5 <3.0"
            },
            "require-dev": {
                "phpunit/phpunit": "> 4.8.35, <6.0.0",
                "sabre/cs": "^1.0.0"
            },
            "suggest": {
                "hoa/bench": "If you would like to run the benchmark scripts"
            },
            "bin": [
                "bin/vobject",
                "bin/generate_vcards"
            ],
            "type": "library",
            "extra": {
                "branch-alias": {
                    "dev-master": "4.0.x-dev"
                }
            },
            "autoload": {
                "psr-4": {
                    "Sabre\\VObject\\": "lib/"
                }
            },
            "notification-url": "https://packagist.org/downloads/",
            "license": [
                "BSD-3-Clause"
            ],
            "authors": [
                {
                    "name": "Evert Pot",
                    "email": "me@evertpot.com",
                    "homepage": "http://evertpot.com/",
                    "role": "Developer"
                },
                {
                    "name": "Dominik Tobschall",
                    "email": "dominik@fruux.com",
                    "homepage": "http://tobschall.de/",
                    "role": "Developer"
                },
                {
                    "name": "Ivan Enderlin",
                    "email": "ivan.enderlin@hoa-project.net",
                    "homepage": "http://mnt.io/",
                    "role": "Developer"
                }
            ],
            "description": "The VObject library for PHP allows you to easily parse and manipulate iCalendar and vCard objects",
            "homepage": "http://sabre.io/vobject/",
            "keywords": [
                "availability",
                "freebusy",
                "iCalendar",
                "ical",
                "ics",
                "jCal",
                "jCard",
                "recurrence",
                "rfc2425",
                "rfc2426",
                "rfc2739",
                "rfc4770",
                "rfc5545",
                "rfc5546",
                "rfc6321",
                "rfc6350",
                "rfc6351",
                "rfc6474",
                "rfc6638",
                "rfc6715",
                "rfc6868",
                "vCalendar",
                "vCard",
                "vcf",
                "xCal",
                "xCard"
            ],
            "time": "2018-03-08T21:06:39+00:00"
        },
        {
            "name": "sabre/xml",
            "version": "1.5.0",
            "source": {
                "type": "git",
                "url": "https://github.com/sabre-io/xml.git",
                "reference": "59b20e5bbace9912607481634f97d05a776ffca7"
            },
            "dist": {
                "type": "zip",
                "url": "https://api.github.com/repos/sabre-io/xml/zipball/59b20e5bbace9912607481634f97d05a776ffca7",
                "reference": "59b20e5bbace9912607481634f97d05a776ffca7",
                "shasum": ""
            },
            "require": {
                "ext-dom": "*",
                "ext-xmlreader": "*",
                "ext-xmlwriter": "*",
                "lib-libxml": ">=2.6.20",
                "php": ">=5.5.5",
                "sabre/uri": ">=1.0,<3.0.0"
            },
            "require-dev": {
                "phpunit/phpunit": "*",
                "sabre/cs": "~1.0.0"
            },
            "type": "library",
            "autoload": {
                "psr-4": {
                    "Sabre\\Xml\\": "lib/"
                },
                "files": [
                    "lib/Deserializer/functions.php",
                    "lib/Serializer/functions.php"
                ]
            },
            "notification-url": "https://packagist.org/downloads/",
            "license": [
                "BSD-3-Clause"
            ],
            "authors": [
                {
                    "name": "Evert Pot",
                    "email": "me@evertpot.com",
                    "homepage": "http://evertpot.com/",
                    "role": "Developer"
                },
                {
                    "name": "Markus Staab",
                    "email": "markus.staab@redaxo.de",
                    "role": "Developer"
                }
            ],
            "description": "sabre/xml is an XML library that you may not hate.",
            "homepage": "https://sabre.io/xml/",
            "keywords": [
                "XMLReader",
                "XMLWriter",
                "dom",
                "xml"
            ],
            "time": "2016-10-09T22:57:52+00:00"
        }
    ],
    "packages-dev": [],
    "aliases": [],
    "minimum-stability": "stable",
    "stability-flags": [],
    "prefer-stable": false,
    "prefer-lowest": false,
    "platform": [],
    "platform-dev": []
}
